
Microsoft Visual Studio Solution File, Format Version 12.00
# Visual Studio Version 17
VisualStudioVersion = 17.0.31903.59
MinimumVisualStudioVersion = 10.0.40219.1
Project("{2150E333-8FDC-42A3-9474-1A3956D46DE8}") = "Solution Items", "Solution Items", "{2D238DAA-DDA2-491F-A475-8F8B04417FEF}"
	ProjectSection(SolutionItems) = preProject
		src\docker-compose.override.yml = src\docker-compose.override.yml
		src\docker-compose.yml = src\docker-compose.yml
		global.json = global.json
		README.md = README.md
	EndProjectSection
EndProject
Project("{2150E333-8FDC-42A3-9474-1A3956D46DE8}") = "src", "src", "{9D0F3E14-D7B9-48A7-A25E-719FEB852A31}"
EndProject
Project("{2150E333-8FDC-42A3-9474-1A3956D46DE8}") = "tests", "tests", "{1522740B-7BBF-4274-B87D-2997E9E1C625}"
EndProject
Project("{2150E333-8FDC-42A3-9474-1A3956D46DE8}") = "ApiGateways", "ApiGateways", "{C92280C1-87F0-4B0F-9BAD-10890CBDD49F}"
EndProject
Project("{9A19103F-16F7-4668-BE54-9A1E7A4F7556}") = "OcelotApiGw", "src\ApiGateways\OcelotApiGw\OcelotApiGw.csproj", "{A7CE5484-F689-4D2A-AE12-B031B4F97D74}"
EndProject
Project("{2150E333-8FDC-42A3-9474-1A3956D46DE8}") = "BuildingBlocks", "BuildingBlocks", "{F131DBCB-E6D1-415E-97C7-B03769140F2F}"
EndProject
Project("{2150E333-8FDC-42A3-9474-1A3956D46DE8}") = "Services", "Services", "{85643EB9-824C-4FCE-92F2-4D2BCEFBEAD7}"
EndProject
Project("{2150E333-8FDC-42A3-9474-1A3956D46DE8}") = "WebApps", "WebApps", "{5AB07521-5D1F-4034-A927-AC12A9C34B87}"
EndProject
Project("{9A19103F-16F7-4668-BE54-9A1E7A4F7556}") = "Common.Logging", "src\BuildingBlocks\Common.Logging\Common.Logging.csproj", "{47A853F2-5AB3-4668-AD15-C1C7EF1E663E}"
EndProject
Project("{9A19103F-16F7-4668-BE54-9A1E7A4F7556}") = "EventBus.Messages", "src\BuildingBlocks\EventBus.Messages\EventBus.Messages.csproj", "{8492D145-C627-4E32-961C-CD795E0434AD}"
EndProject
Project("{2150E333-8FDC-42A3-9474-1A3956D46DE8}") = "Basket", "Basket", "{BD6440FA-07AE-47D3-904D-2C3E19C2A967}"
EndProject
Project("{2150E333-8FDC-42A3-9474-1A3956D46DE8}") = "Customer", "Customer", "{2AD7A6FD-61C4-4083-9A59-1A96FE9968B2}"
EndProject
Project("{2150E333-8FDC-42A3-9474-1A3956D46DE8}") = "Inventory", "Inventory", "{93127D2D-EBBC-4F5B-BE67-3F177A85BDBA}"
EndProject
Project("{2150E333-8FDC-42A3-9474-1A3956D46DE8}") = "Ordering", "Ordering", "{3C5A6A1F-C8B2-4C9F-923C-22F440AFF00A}"
EndProject
Project("{2150E333-8FDC-42A3-9474-1A3956D46DE8}") = "Product", "Product", "{216A4E33-44F9-4347-96E9-B7CC40049928}"
EndProject
Project("{9A19103F-16F7-4668-BE54-9A1E7A4F7556}") = "WebHealthStatus", "src\WebApps\WebHealthStatus\WebHealthStatus.csproj", "{BC0E79A6-8647-47FD-ACA6-2585C4F1A9F8}"
EndProject
Project("{9A19103F-16F7-4668-BE54-9A1E7A4F7556}") = "Basket.API", "src\Services\Basket\Basket.API\Basket.API.csproj", "{F9F11C3A-14C4-4730-8E09-F970150E7DA8}"
EndProject
Project("{9A19103F-16F7-4668-BE54-9A1E7A4F7556}") = "Customer.API", "src\Services\Customer\Customer.API\Customer.API.csproj", "{9E49DA85-B674-4271-88EA-77E94CB711B1}"
EndProject
Project("{9A19103F-16F7-4668-BE54-9A1E7A4F7556}") = "Inventory.Product.API", "src\Services\Inventory\Inventory.Product.API\Inventory.Product.API.csproj", "{8172A9FF-4D02-4DCD-82F8-DBE2172FE30E}"
EndProject
Project("{9A19103F-16F7-4668-BE54-9A1E7A4F7556}") = "Ordering.API", "src\Services\Ordering\Ordering.API\Ordering.API.csproj", "{EBB68881-F434-49AB-B33E-B034F98B2DB6}"
EndProject
Project("{9A19103F-16F7-4668-BE54-9A1E7A4F7556}") = "Product.API", "src\Services\Product\Product.API\Product.API.csproj", "{496C8655-DA05-4951-94ED-16A7A1F3B0EC}"
EndProject
Project("{2150E333-8FDC-42A3-9474-1A3956D46DE8}") = "ScheduledJob", "ScheduledJob", "{BDE4B666-E9FB-4040-9BAF-6F3D85BC020A}"
EndProject
Project("{9A19103F-16F7-4668-BE54-9A1E7A4F7556}") = "Hangfire.API", "src\Services\ScheduledJob\Hangfire.API\Hangfire.API.csproj", "{26200D83-A687-4308-972F-92BA54083C76}"
EndProject
Project("{9A19103F-16F7-4668-BE54-9A1E7A4F7556}") = "Contracts", "src\BuildingBlocks\Contracts\Contracts.csproj", "{7E7F0BAF-5570-462B-9F0C-2B5AAD01DB5F}"
EndProject
Project("{9A19103F-16F7-4668-BE54-9A1E7A4F7556}") = "Infrastructure", "src\BuildingBlocks\Infrastructure\Infrastructure.csproj", "{890D9ED2-0C25-4339-A3FA-DCFBF951523B}"
EndProject
Project("{9A19103F-16F7-4668-BE54-9A1E7A4F7556}") = "Shared", "src\BuildingBlocks\Shared\Shared.csproj", "{89621053-4FA4-49C4-8CCE-D3DD9E9712E4}"
EndProject
Global
	GlobalSection(SolutionConfigurationPlatforms) = preSolution
		Debug|Any CPU = Debug|Any CPU
		Release|Any CPU = Release|Any CPU
	EndGlobalSection
	GlobalSection(ProjectConfigurationPlatforms) = postSolution
		{A7CE5484-F689-4D2A-AE12-B031B4F97D74}.Debug|Any CPU.ActiveCfg = Debug|Any CPU
		{A7CE5484-F689-4D2A-AE12-B031B4F97D74}.Debug|Any CPU.Build.0 = Debug|Any CPU
		{A7CE5484-F689-4D2A-AE12-B031B4F97D74}.Release|Any CPU.ActiveCfg = Release|Any CPU
		{A7CE5484-F689-4D2A-AE12-B031B4F97D74}.Release|Any CPU.Build.0 = Release|Any CPU
		{47A853F2-5AB3-4668-AD15-C1C7EF1E663E}.Debug|Any CPU.ActiveCfg = Debug|Any CPU
		{47A853F2-5AB3-4668-AD15-C1C7EF1E663E}.Debug|Any CPU.Build.0 = Debug|Any CPU
		{47A853F2-5AB3-4668-AD15-C1C7EF1E663E}.Release|Any CPU.ActiveCfg = Release|Any CPU
		{47A853F2-5AB3-4668-AD15-C1C7EF1E663E}.Release|Any CPU.Build.0 = Release|Any CPU
		{8492D145-C627-4E32-961C-CD795E0434AD}.Debug|Any CPU.ActiveCfg = Debug|Any CPU
		{8492D145-C627-4E32-961C-CD795E0434AD}.Debug|Any CPU.Build.0 = Debug|Any CPU
		{8492D145-C627-4E32-961C-CD795E0434AD}.Release|Any CPU.ActiveCfg = Release|Any CPU
		{8492D145-C627-4E32-961C-CD795E0434AD}.Release|Any CPU.Build.0 = Release|Any CPU
		{BC0E79A6-8647-47FD-ACA6-2585C4F1A9F8}.Debug|Any CPU.ActiveCfg = Debug|Any CPU
		{BC0E79A6-8647-47FD-ACA6-2585C4F1A9F8}.Debug|Any CPU.Build.0 = Debug|Any CPU
		{BC0E79A6-8647-47FD-ACA6-2585C4F1A9F8}.Release|Any CPU.ActiveCfg = Release|Any CPU
		{BC0E79A6-8647-47FD-ACA6-2585C4F1A9F8}.Release|Any CPU.Build.0 = Release|Any CPU
		{F9F11C3A-14C4-4730-8E09-F970150E7DA8}.Debug|Any CPU.ActiveCfg = Debug|Any CPU
		{F9F11C3A-14C4-4730-8E09-F970150E7DA8}.Debug|Any CPU.Build.0 = Debug|Any CPU
		{F9F11C3A-14C4-4730-8E09-F970150E7DA8}.Release|Any CPU.ActiveCfg = Release|Any CPU
		{F9F11C3A-14C4-4730-8E09-F970150E7DA8}.Release|Any CPU.Build.0 = Release|Any CPU
		{9E49DA85-B674-4271-88EA-77E94CB711B1}.Debug|Any CPU.ActiveCfg = Debug|Any CPU
		{9E49DA85-B674-4271-88EA-77E94CB711B1}.Debug|Any CPU.Build.0 = Debug|Any CPU
		{9E49DA85-B674-4271-88EA-77E94CB711B1}.Release|Any CPU.ActiveCfg = Release|Any CPU
		{9E49DA85-B674-4271-88EA-77E94CB711B1}.Release|Any CPU.Build.0 = Release|Any CPU
		{8172A9FF-4D02-4DCD-82F8-DBE2172FE30E}.Debug|Any CPU.ActiveCfg = Debug|Any CPU
		{8172A9FF-4D02-4DCD-82F8-DBE2172FE30E}.Debug|Any CPU.Build.0 = Debug|Any CPU
		{8172A9FF-4D02-4DCD-82F8-DBE2172FE30E}.Release|Any CPU.ActiveCfg = Release|Any CPU
		{8172A9FF-4D02-4DCD-82F8-DBE2172FE30E}.Release|Any CPU.Build.0 = Release|Any CPU
		{EBB68881-F434-49AB-B33E-B034F98B2DB6}.Debug|Any CPU.ActiveCfg = Debug|Any CPU
		{EBB68881-F434-49AB-B33E-B034F98B2DB6}.Debug|Any CPU.Build.0 = Debug|Any CPU
		{EBB68881-F434-49AB-B33E-B034F98B2DB6}.Release|Any CPU.ActiveCfg = Release|Any CPU
		{EBB68881-F434-49AB-B33E-B034F98B2DB6}.Release|Any CPU.Build.0 = Release|Any CPU
		{496C8655-DA05-4951-94ED-16A7A1F3B0EC}.Debug|Any CPU.ActiveCfg = Debug|Any CPU
		{496C8655-DA05-4951-94ED-16A7A1F3B0EC}.Debug|Any CPU.Build.0 = Debug|Any CPU
		{496C8655-DA05-4951-94ED-16A7A1F3B0EC}.Release|Any CPU.ActiveCfg = Release|Any CPU
		{496C8655-DA05-4951-94ED-16A7A1F3B0EC}.Release|Any CPU.Build.0 = Release|Any CPU
		{26200D83-A687-4308-972F-92BA54083C76}.Debug|Any CPU.ActiveCfg = Debug|Any CPU
		{26200D83-A687-4308-972F-92BA54083C76}.Debug|Any CPU.Build.0 = Debug|Any CPU
		{26200D83-A687-4308-972F-92BA54083C76}.Release|Any CPU.ActiveCfg = Release|Any CPU
		{26200D83-A687-4308-972F-92BA54083C76}.Release|Any CPU.Build.0 = Release|Any CPU
		{7E7F0BAF-5570-462B-9F0C-2B5AAD01DB5F}.Debug|Any CPU.ActiveCfg = Debug|Any CPU
		{7E7F0BAF-5570-462B-9F0C-2B5AAD01DB5F}.Debug|Any CPU.Build.0 = Debug|Any CPU
		{7E7F0BAF-5570-462B-9F0C-2B5AAD01DB5F}.Release|Any CPU.ActiveCfg = Release|Any CPU
		{7E7F0BAF-5570-462B-9F0C-2B5AAD01DB5F}.Release|Any CPU.Build.0 = Release|Any CPU
		{890D9ED2-0C25-4339-A3FA-DCFBF951523B}.Debug|Any CPU.ActiveCfg = Debug|Any CPU
		{890D9ED2-0C25-4339-A3FA-DCFBF951523B}.Debug|Any CPU.Build.0 = Debug|Any CPU
		{890D9ED2-0C25-4339-A3FA-DCFBF951523B}.Release|Any CPU.ActiveCfg = Release|Any CPU
		{890D9ED2-0C25-4339-A3FA-DCFBF951523B}.Release|Any CPU.Build.0 = Release|Any CPU
		{89621053-4FA4-49C4-8CCE-D3DD9E9712E4}.Debug|Any CPU.ActiveCfg = Debug|Any CPU
		{89621053-4FA4-49C4-8CCE-D3DD9E9712E4}.Debug|Any CPU.Build.0 = Debug|Any CPU
		{89621053-4FA4-49C4-8CCE-D3DD9E9712E4}.Release|Any CPU.ActiveCfg = Release|Any CPU
		{89621053-4FA4-49C4-8CCE-D3DD9E9712E4}.Release|Any CPU.Build.0 = Release|Any CPU
	EndGlobalSection
	GlobalSection(SolutionProperties) = preSolution
		HideSolutionNode = FALSE
	EndGlobalSection
	GlobalSection(NestedProjects) = preSolution
		{C92280C1-87F0-4B0F-9BAD-10890CBDD49F} = {9D0F3E14-D7B9-48A7-A25E-719FEB852A31}
		{A7CE5484-F689-4D2A-AE12-B031B4F97D74} = {C92280C1-87F0-4B0F-9BAD-10890CBDD49F}
		{F131DBCB-E6D1-415E-97C7-B03769140F2F} = {9D0F3E14-D7B9-48A7-A25E-719FEB852A31}
		{85643EB9-824C-4FCE-92F2-4D2BCEFBEAD7} = {9D0F3E14-D7B9-48A7-A25E-719FEB852A31}
		{5AB07521-5D1F-4034-A927-AC12A9C34B87} = {9D0F3E14-D7B9-48A7-A25E-719FEB852A31}
		{47A853F2-5AB3-4668-AD15-C1C7EF1E663E} = {F131DBCB-E6D1-415E-97C7-B03769140F2F}
		{8492D145-C627-4E32-961C-CD795E0434AD} = {F131DBCB-E6D1-415E-97C7-B03769140F2F}
		{BD6440FA-07AE-47D3-904D-2C3E19C2A967} = {85643EB9-824C-4FCE-92F2-4D2BCEFBEAD7}
		{2AD7A6FD-61C4-4083-9A59-1A96FE9968B2} = {85643EB9-824C-4FCE-92F2-4D2BCEFBEAD7}
		{93127D2D-EBBC-4F5B-BE67-3F177A85BDBA} = {85643EB9-824C-4FCE-92F2-4D2BCEFBEAD7}
		{3C5A6A1F-C8B2-4C9F-923C-22F440AFF00A} = {85643EB9-824C-4FCE-92F2-4D2BCEFBEAD7}
		{216A4E33-44F9-4347-96E9-B7CC40049928} = {85643EB9-824C-4FCE-92F2-4D2BCEFBEAD7}
		{BC0E79A6-8647-47FD-ACA6-2585C4F1A9F8} = {5AB07521-5D1F-4034-A927-AC12A9C34B87}
		{F9F11C3A-14C4-4730-8E09-F970150E7DA8} = {BD6440FA-07AE-47D3-904D-2C3E19C2A967}
		{9E49DA85-B674-4271-88EA-77E94CB711B1} = {2AD7A6FD-61C4-4083-9A59-1A96FE9968B2}
		{8172A9FF-4D02-4DCD-82F8-DBE2172FE30E} = {93127D2D-EBBC-4F5B-BE67-3F177A85BDBA}
		{EBB68881-F434-49AB-B33E-B034F98B2DB6} = {3C5A6A1F-C8B2-4C9F-923C-22F440AFF00A}
		{496C8655-DA05-4951-94ED-16A7A1F3B0EC} = {216A4E33-44F9-4347-96E9-B7CC40049928}
		{BDE4B666-E9FB-4040-9BAF-6F3D85BC020A} = {85643EB9-824C-4FCE-92F2-4D2BCEFBEAD7}
		{26200D83-A687-4308-972F-92BA54083C76} = {BDE4B666-E9FB-4040-9BAF-6F3D85BC020A}
		{7E7F0BAF-5570-462B-9F0C-2B5AAD01DB5F} = {F131DBCB-E6D1-415E-97C7-B03769140F2F}
		{890D9ED2-0C25-4339-A3FA-DCFBF951523B} = {F131DBCB-E6D1-415E-97C7-B03769140F2F}
		{89621053-4FA4-49C4-8CCE-D3DD9E9712E4} = {F131DBCB-E6D1-415E-97C7-B03769140F2F}
	EndGlobalSection
	GlobalSection(ExtensibilityGlobals) = postSolution
		SolutionGuid = {6260B6EF-F104-482D-A67D-AED0E7C9F004}
	EndGlobalSection
EndGlobal
